
Microsoft Visual Studio Solution File, Format Version 12.00
# Visual Studio 15
VisualStudioVersion = 15.0.26730.12
MinimumVisualStudioVersion = 10.0.40219.1
Project("{9A19103F-16F7-4668-BE54-9A1E7A4F7556}") = "Bookadoc.Api", "Bookadoc.Api\Bookadoc.Api.csproj", "{727A1F45-277A-421E-B128-D33B1E277603}"
EndProject
Project("{9A19103F-16F7-4668-BE54-9A1E7A4F7556}") = "Bookadoc.Core", "Bookadoc.Core\Bookadoc.Core.csproj", "{70896BF8-7C0F-42C5-ADAC-DD7FD83B09B6}"
EndProject
Project("{9A19103F-16F7-4668-BE54-9A1E7A4F7556}") = "Bookadoc.Data", "Bookadoc.Data\Bookadoc.Data.csproj", "{1A7BBEE9-DBE0-473F-A61F-A986E3ED69A3}"
EndProject
Project("{FAE04EC0-301F-11D3-BF4B-00C04F79EFBC}") = "Bookadoc.Tests.Unit", "Bookadoc.Tests.Unit\Bookadoc.Tests.Unit.csproj", "{F074D694-258B-4646-BCDD-6A34AB1B3D38}"
EndProject
Global
	GlobalSection(SolutionConfigurationPlatforms) = preSolution
		Debug|Any CPU = Debug|Any CPU
		Release|Any CPU = Release|Any CPU
	EndGlobalSection
	GlobalSection(ProjectConfigurationPlatforms) = postSolution
		{727A1F45-277A-421E-B128-D33B1E277603}.Debug|Any CPU.ActiveCfg = Debug|Any CPU
		{727A1F45-277A-421E-B128-D33B1E277603}.Debug|Any CPU.Build.0 = Debug|Any CPU
		{727A1F45-277A-421E-B128-D33B1E277603}.Release|Any CPU.ActiveCfg = Release|Any CPU
		{727A1F45-277A-421E-B128-D33B1E277603}.Release|Any CPU.Build.0 = Release|Any CPU
		{70896BF8-7C0F-42C5-ADAC-DD7FD83B09B6}.Debug|Any CPU.ActiveCfg = Debug|Any CPU
		{70896BF8-7C0F-42C5-ADAC-DD7FD83B09B6}.Debug|Any CPU.Build.0 = Debug|Any CPU
		{70896BF8-7C0F-42C5-ADAC-DD7FD83B09B6}.Release|Any CPU.ActiveCfg = Release|Any CPU
		{70896BF8-7C0F-42C5-ADAC-DD7FD83B09B6}.Release|Any CPU.Build.0 = Release|Any CPU
		{1A7BBEE9-DBE0-473F-A61F-A986E3ED69A3}.Debug|Any CPU.ActiveCfg = Debug|Any CPU
		{1A7BBEE9-DBE0-473F-A61F-A986E3ED69A3}.Debug|Any CPU.Build.0 = Debug|Any CPU
		{1A7BBEE9-DBE0-473F-A61F-A986E3ED69A3}.Release|Any CPU.ActiveCfg = Release|Any CPU
		{1A7BBEE9-DBE0-473F-A61F-A986E3ED69A3}.Release|Any CPU.Build.0 = Release|Any CPU
		{F074D694-258B-4646-BCDD-6A34AB1B3D38}.Debug|Any CPU.ActiveCfg = Debug|Any CPU
		{F074D694-258B-4646-BCDD-6A34AB1B3D38}.Debug|Any CPU.Build.0 = Debug|Any CPU
		{F074D694-258B-4646-BCDD-6A34AB1B3D38}.Release|Any CPU.ActiveCfg = Release|Any CPU
		{F074D694-258B-4646-BCDD-6A34AB1B3D38}.Release|Any CPU.Build.0 = Release|Any CPU
	EndGlobalSection
	GlobalSection(SolutionProperties) = preSolution
		HideSolutionNode = FALSE
	EndGlobalSection
	GlobalSection(ExtensibilityGlobals) = postSolution
		SolutionGuid = {DC679E86-B80B-48FF-9B46-A9701A4E3C5A}
	EndGlobalSection
EndGlobal
